
Microsoft Visual Studio Solution File, Format Version 12.00
# Visual Studio Version 17
VisualStudioVersion = 17.8.34525.116
MinimumVisualStudioVersion = 10.0.40219.1
Project("{FAE04EC0-301F-11D3-BF4B-00C04F79EFBC}") = "MedicalCenterPreclinic", "MedicalCenterPreclinic\MedicalCenterPreclinic.csproj", "{3D860AA5-5AF8-43F0-92AC-72ACC732520D}"
EndProject
Global
	GlobalSection(SolutionConfigurationPlatforms) = preSolution
		Debug|Any CPU = Debug|Any CPU
		Release|Any CPU = Release|Any CPU
	EndGlobalSection
	GlobalSection(ProjectConfigurationPlatforms) = postSolution
		{3D860AA5-5AF8-43F0-92AC-72ACC732520D}.Debug|Any CPU.ActiveCfg = Debug|Any CPU
		{3D860AA5-5AF8-43F0-92AC-72ACC732520D}.Debug|Any CPU.Build.0 = Debug|Any CPU
		{3D860AA5-5AF8-43F0-92AC-72ACC732520D}.Release|Any CPU.ActiveCfg = Release|Any CPU
		{3D860AA5-5AF8-43F0-92AC-72ACC732520D}.Release|Any CPU.Build.0 = Release|Any CPU
	EndGlobalSection
	GlobalSection(SolutionProperties) = preSolution
		HideSolutionNode = FALSE
	EndGlobalSection
	GlobalSection(ExtensibilityGlobals) = postSolution
		SolutionGuid = {BD72A52F-560A-437D-B182-DC1625052F9B}
	EndGlobalSection
EndGlobal
